
Microsoft Visual Studio Solution File, Format Version 12.00
# Visual Studio Version 17
VisualStudioVersion = 17.8.34511.84
MinimumVisualStudioVersion = 10.0.40219.1
Project("{9A19103F-16F7-4668-BE54-9A1E7A4F7556}") = "LifeSpot", "LifeSpot\LifeSpot.csproj", "{EB3157F0-43E0-46C7-9771-F7B93A68A836}"
EndProject
Project("{2150E333-8FDC-42A3-9474-1A3956D46DE8}") = "src", "src", "{8C45A52A-734F-4072-98F0-CA70A02261AC}"
EndProject
Project("{2150E333-8FDC-42A3-9474-1A3956D46DE8}") = "Solution Items", "Solution Items", "{FAC94439-84FF-42CE-A216-B4884E414B1C}"
	ProjectSection(SolutionItems) = preProject
		.gitignore = .gitignore
	EndProjectSection
EndProject
Project("{9A19103F-16F7-4668-BE54-9A1E7A4F7556}") = "LifeSpot26.2.2", "LifeSpot26.2.2\LifeSpot26.2.2.csproj", "{B7889BE7-7BE3-4548-BB23-95BD0F250848}"
EndProject
Project("{9A19103F-16F7-4668-BE54-9A1E7A4F7556}") = "LifeSpot26.2.3", "LifeSpot26.2.3\LifeSpot26.2.3.csproj", "{C7A133B9-782F-47C9-9451-6F0E49F4F199}"
EndProject
Project("{9A19103F-16F7-4668-BE54-9A1E7A4F7556}") = "LifeSpot26.3.3", "LifeSpot26.3.3\LifeSpot26.3.3.csproj", "{AC81EBCE-FE28-40C5-B167-8ED7616B3C1F}"
EndProject
Project("{9A19103F-16F7-4668-BE54-9A1E7A4F7556}") = "LifeSpot26.3.5", "LifeSpot26.3.5\LifeSpot26.3.5.csproj", "{FB1C13FB-42DE-485B-9638-70D2BFCA43D3}"
EndProject
Project("{9A19103F-16F7-4668-BE54-9A1E7A4F7556}") = "LifeSpot26.3.7", "LifeSpot26.3.7\LifeSpot26.3.7.csproj", "{D6C2C04C-5AFE-494C-9FAF-AE6B6EC805A9}"
EndProject
Project("{9A19103F-16F7-4668-BE54-9A1E7A4F7556}") = "LifeSpot26.4.3", "LifeSpot26.4.3\LifeSpot26.4.3.csproj", "{784BC822-C12F-4234-9AA6-722579691215}"
EndProject
Project("{9A19103F-16F7-4668-BE54-9A1E7A4F7556}") = "LifeSpot26.4.4", "LifeSpot26.4.4\LifeSpot26.4.4.csproj", "{F5C473F5-23B9-4CBD-BC40-1B3AC84F8B91}"
EndProject
Project("{9A19103F-16F7-4668-BE54-9A1E7A4F7556}") = "LifeSpot26.5.4", "LifeSpot26.5.4\LifeSpot26.5.4.csproj", "{AD2EC4AB-4A6C-49C5-BEC4-0110825D9AA9}"
EndProject
Project("{9A19103F-16F7-4668-BE54-9A1E7A4F7556}") = "LifeSpot26.5.5", "LifeSpot26.5.5\LifeSpot26.5.5.csproj", "{BF0C7669-20FF-4A71-9B8A-8DDE0FAC7E25}"
EndProject
Project("{9A19103F-16F7-4668-BE54-9A1E7A4F7556}") = "LifeSpot26.5.6", "LifeSpot26.5.6\LifeSpot26.5.6.csproj", "{DAB71859-CA91-4AB0-A673-C5989EAC7026}"
EndProject
Project("{9A19103F-16F7-4668-BE54-9A1E7A4F7556}") = "LifeSpot27.1.4", "LifeSpot27.1.4\LifeSpot27.1.4.csproj", "{A85A70AC-21A9-465D-94DD-145AB1289FE7}"
EndProject
Project("{9A19103F-16F7-4668-BE54-9A1E7A4F7556}") = "LifeSpot27.2.4", "LifeSpot27.2.4\LifeSpot27.2.4.csproj", "{9567D01F-4ABE-4B2F-B82F-A5DB285DCE7F}"
EndProject
Project("{9A19103F-16F7-4668-BE54-9A1E7A4F7556}") = "LifeSpot27.3.3", "LifeSpot27.3.3\LifeSpot27.3.3.csproj", "{980694CB-5E35-4990-AF30-C752C09FD6E0}"
EndProject
Project("{9A19103F-16F7-4668-BE54-9A1E7A4F7556}") = "LifeSpot27.3.4", "LifeSpot27.3.4\LifeSpot27.3.4.csproj", "{5B436669-B490-47F7-8755-233DA3CCA8D9}"
EndProject
Project("{9A19103F-16F7-4668-BE54-9A1E7A4F7556}") = "LifeSpot27.4.4", "LifeSpot27.4.4\LifeSpot27.4.4.csproj", "{E3263842-3BF6-4D73-8A80-B48B112D2730}"
EndProject
Project("{9A19103F-16F7-4668-BE54-9A1E7A4F7556}") = "LifeSpot27.5.3", "LifeSpot27.5.3\LifeSpot27.5.3.csproj", "{CA807663-764B-4EF1-9656-6C3FFE400482}"
EndProject
Project("{9A19103F-16F7-4668-BE54-9A1E7A4F7556}") = "LifeSpot27.6.3", "LifeSpot27.6.3\LifeSpot27.6.3.csproj", "{C73F3F4D-0CA4-4CE5-B8B2-EB326BCD36AC}"
EndProject
Project("{9A19103F-16F7-4668-BE54-9A1E7A4F7556}") = "LifeSpot27.7.3", "LifeSpot27.7.3\LifeSpot27.7.3.csproj", "{930D7428-9E4B-420A-9E98-9A888A51DAE6}"
EndProject
Project("{9A19103F-16F7-4668-BE54-9A1E7A4F7556}") = "LifeSpotLast", "LifeSpotLast\LifeSpotLast.csproj", "{C841D6F9-4CA7-4972-A0AE-C86DF4CE6F30}"
EndProject
Global
	GlobalSection(SolutionConfigurationPlatforms) = preSolution
		Debug|Any CPU = Debug|Any CPU
		Release|Any CPU = Release|Any CPU
	EndGlobalSection
	GlobalSection(ProjectConfigurationPlatforms) = postSolution
		{EB3157F0-43E0-46C7-9771-F7B93A68A836}.Debug|Any CPU.ActiveCfg = Debug|Any CPU
		{EB3157F0-43E0-46C7-9771-F7B93A68A836}.Debug|Any CPU.Build.0 = Debug|Any CPU
		{EB3157F0-43E0-46C7-9771-F7B93A68A836}.Release|Any CPU.ActiveCfg = Release|Any CPU
		{EB3157F0-43E0-46C7-9771-F7B93A68A836}.Release|Any CPU.Build.0 = Release|Any CPU
		{B7889BE7-7BE3-4548-BB23-95BD0F250848}.Debug|Any CPU.ActiveCfg = Debug|Any CPU
		{B7889BE7-7BE3-4548-BB23-95BD0F250848}.Debug|Any CPU.Build.0 = Debug|Any CPU
		{B7889BE7-7BE3-4548-BB23-95BD0F250848}.Release|Any CPU.ActiveCfg = Release|Any CPU
		{B7889BE7-7BE3-4548-BB23-95BD0F250848}.Release|Any CPU.Build.0 = Release|Any CPU
		{C7A133B9-782F-47C9-9451-6F0E49F4F199}.Debug|Any CPU.ActiveCfg = Debug|Any CPU
		{C7A133B9-782F-47C9-9451-6F0E49F4F199}.Debug|Any CPU.Build.0 = Debug|Any CPU
		{C7A133B9-782F-47C9-9451-6F0E49F4F199}.Release|Any CPU.ActiveCfg = Release|Any CPU
		{C7A133B9-782F-47C9-9451-6F0E49F4F199}.Release|Any CPU.Build.0 = Release|Any CPU
		{AC81EBCE-FE28-40C5-B167-8ED7616B3C1F}.Debug|Any CPU.ActiveCfg = Debug|Any CPU
		{AC81EBCE-FE28-40C5-B167-8ED7616B3C1F}.Debug|Any CPU.Build.0 = Debug|Any CPU
		{AC81EBCE-FE28-40C5-B167-8ED7616B3C1F}.Release|Any CPU.ActiveCfg = Release|Any CPU
		{AC81EBCE-FE28-40C5-B167-8ED7616B3C1F}.Release|Any CPU.Build.0 = Release|Any CPU
		{FB1C13FB-42DE-485B-9638-70D2BFCA43D3}.Debug|Any CPU.ActiveCfg = Debug|Any CPU
		{FB1C13FB-42DE-485B-9638-70D2BFCA43D3}.Debug|Any CPU.Build.0 = Debug|Any CPU
		{FB1C13FB-42DE-485B-9638-70D2BFCA43D3}.Release|Any CPU.ActiveCfg = Release|Any CPU
		{FB1C13FB-42DE-485B-9638-70D2BFCA43D3}.Release|Any CPU.Build.0 = Release|Any CPU
		{D6C2C04C-5AFE-494C-9FAF-AE6B6EC805A9}.Debug|Any CPU.ActiveCfg = Debug|Any CPU
		{D6C2C04C-5AFE-494C-9FAF-AE6B6EC805A9}.Debug|Any CPU.Build.0 = Debug|Any CPU
		{D6C2C04C-5AFE-494C-9FAF-AE6B6EC805A9}.Release|Any CPU.ActiveCfg = Release|Any CPU
		{D6C2C04C-5AFE-494C-9FAF-AE6B6EC805A9}.Release|Any CPU.Build.0 = Release|Any CPU
		{784BC822-C12F-4234-9AA6-722579691215}.Debug|Any CPU.ActiveCfg = Debug|Any CPU
		{784BC822-C12F-4234-9AA6-722579691215}.Debug|Any CPU.Build.0 = Debug|Any CPU
		{784BC822-C12F-4234-9AA6-722579691215}.Release|Any CPU.ActiveCfg = Release|Any CPU
		{784BC822-C12F-4234-9AA6-722579691215}.Release|Any CPU.Build.0 = Release|Any CPU
		{F5C473F5-23B9-4CBD-BC40-1B3AC84F8B91}.Debug|Any CPU.ActiveCfg = Debug|Any CPU
		{F5C473F5-23B9-4CBD-BC40-1B3AC84F8B91}.Debug|Any CPU.Build.0 = Debug|Any CPU
		{F5C473F5-23B9-4CBD-BC40-1B3AC84F8B91}.Release|Any CPU.ActiveCfg = Release|Any CPU
		{F5C473F5-23B9-4CBD-BC40-1B3AC84F8B91}.Release|Any CPU.Build.0 = Release|Any CPU
		{AD2EC4AB-4A6C-49C5-BEC4-0110825D9AA9}.Debug|Any CPU.ActiveCfg = Debug|Any CPU
		{AD2EC4AB-4A6C-49C5-BEC4-0110825D9AA9}.Debug|Any CPU.Build.0 = Debug|Any CPU
		{AD2EC4AB-4A6C-49C5-BEC4-0110825D9AA9}.Release|Any CPU.ActiveCfg = Release|Any CPU
		{AD2EC4AB-4A6C-49C5-BEC4-0110825D9AA9}.Release|Any CPU.Build.0 = Release|Any CPU
		{BF0C7669-20FF-4A71-9B8A-8DDE0FAC7E25}.Debug|Any CPU.ActiveCfg = Debug|Any CPU
		{BF0C7669-20FF-4A71-9B8A-8DDE0FAC7E25}.Debug|Any CPU.Build.0 = Debug|Any CPU
		{BF0C7669-20FF-4A71-9B8A-8DDE0FAC7E25}.Release|Any CPU.ActiveCfg = Release|Any CPU
		{BF0C7669-20FF-4A71-9B8A-8DDE0FAC7E25}.Release|Any CPU.Build.0 = Release|Any CPU
		{DAB71859-CA91-4AB0-A673-C5989EAC7026}.Debug|Any CPU.ActiveCfg = Debug|Any CPU
		{DAB71859-CA91-4AB0-A673-C5989EAC7026}.Debug|Any CPU.Build.0 = Debug|Any CPU
		{DAB71859-CA91-4AB0-A673-C5989EAC7026}.Release|Any CPU.ActiveCfg = Release|Any CPU
		{DAB71859-CA91-4AB0-A673-C5989EAC7026}.Release|Any CPU.Build.0 = Release|Any CPU
		{A85A70AC-21A9-465D-94DD-145AB1289FE7}.Debug|Any CPU.ActiveCfg = Debug|Any CPU
		{A85A70AC-21A9-465D-94DD-145AB1289FE7}.Debug|Any CPU.Build.0 = Debug|Any CPU
		{A85A70AC-21A9-465D-94DD-145AB1289FE7}.Release|Any CPU.ActiveCfg = Release|Any CPU
		{A85A70AC-21A9-465D-94DD-145AB1289FE7}.Release|Any CPU.Build.0 = Release|Any CPU
		{9567D01F-4ABE-4B2F-B82F-A5DB285DCE7F}.Debug|Any CPU.ActiveCfg = Debug|Any CPU
		{9567D01F-4ABE-4B2F-B82F-A5DB285DCE7F}.Debug|Any CPU.Build.0 = Debug|Any CPU
		{9567D01F-4ABE-4B2F-B82F-A5DB285DCE7F}.Release|Any CPU.ActiveCfg = Release|Any CPU
		{9567D01F-4ABE-4B2F-B82F-A5DB285DCE7F}.Release|Any CPU.Build.0 = Release|Any CPU
		{980694CB-5E35-4990-AF30-C752C09FD6E0}.Debug|Any CPU.ActiveCfg = Debug|Any CPU
		{980694CB-5E35-4990-AF30-C752C09FD6E0}.Debug|Any CPU.Build.0 = Debug|Any CPU
		{980694CB-5E35-4990-AF30-C752C09FD6E0}.Release|Any CPU.ActiveCfg = Release|Any CPU
		{980694CB-5E35-4990-AF30-C752C09FD6E0}.Release|Any CPU.Build.0 = Release|Any CPU
		{5B436669-B490-47F7-8755-233DA3CCA8D9}.Debug|Any CPU.ActiveCfg = Debug|Any CPU
		{5B436669-B490-47F7-8755-233DA3CCA8D9}.Debug|Any CPU.Build.0 = Debug|Any CPU
		{5B436669-B490-47F7-8755-233DA3CCA8D9}.Release|Any CPU.ActiveCfg = Release|Any CPU
		{5B436669-B490-47F7-8755-233DA3CCA8D9}.Release|Any CPU.Build.0 = Release|Any CPU
		{E3263842-3BF6-4D73-8A80-B48B112D2730}.Debug|Any CPU.ActiveCfg = Debug|Any CPU
		{E3263842-3BF6-4D73-8A80-B48B112D2730}.Debug|Any CPU.Build.0 = Debug|Any CPU
		{E3263842-3BF6-4D73-8A80-B48B112D2730}.Release|Any CPU.ActiveCfg = Release|Any CPU
		{E3263842-3BF6-4D73-8A80-B48B112D2730}.Release|Any CPU.Build.0 = Release|Any CPU
		{CA807663-764B-4EF1-9656-6C3FFE400482}.Debug|Any CPU.ActiveCfg = Debug|Any CPU
		{CA807663-764B-4EF1-9656-6C3FFE400482}.Debug|Any CPU.Build.0 = Debug|Any CPU
		{CA807663-764B-4EF1-9656-6C3FFE400482}.Release|Any CPU.ActiveCfg = Release|Any CPU
		{CA807663-764B-4EF1-9656-6C3FFE400482}.Release|Any CPU.Build.0 = Release|Any CPU
		{C73F3F4D-0CA4-4CE5-B8B2-EB326BCD36AC}.Debug|Any CPU.ActiveCfg = Debug|Any CPU
		{C73F3F4D-0CA4-4CE5-B8B2-EB326BCD36AC}.Debug|Any CPU.Build.0 = Debug|Any CPU
		{C73F3F4D-0CA4-4CE5-B8B2-EB326BCD36AC}.Release|Any CPU.ActiveCfg = Release|Any CPU
		{C73F3F4D-0CA4-4CE5-B8B2-EB326BCD36AC}.Release|Any CPU.Build.0 = Release|Any CPU
		{930D7428-9E4B-420A-9E98-9A888A51DAE6}.Debug|Any CPU.ActiveCfg = Debug|Any CPU
		{930D7428-9E4B-420A-9E98-9A888A51DAE6}.Debug|Any CPU.Build.0 = Debug|Any CPU
		{930D7428-9E4B-420A-9E98-9A888A51DAE6}.Release|Any CPU.ActiveCfg = Release|Any CPU
		{930D7428-9E4B-420A-9E98-9A888A51DAE6}.Release|Any CPU.Build.0 = Release|Any CPU
		{C841D6F9-4CA7-4972-A0AE-C86DF4CE6F30}.Debug|Any CPU.ActiveCfg = Debug|Any CPU
		{C841D6F9-4CA7-4972-A0AE-C86DF4CE6F30}.Debug|Any CPU.Build.0 = Debug|Any CPU
		{C841D6F9-4CA7-4972-A0AE-C86DF4CE6F30}.Release|Any CPU.ActiveCfg = Release|Any CPU
		{C841D6F9-4CA7-4972-A0AE-C86DF4CE6F30}.Release|Any CPU.Build.0 = Release|Any CPU
	EndGlobalSection
	GlobalSection(SolutionProperties) = preSolution
		HideSolutionNode = FALSE
	EndGlobalSection
	GlobalSection(NestedProjects) = preSolution
		{EB3157F0-43E0-46C7-9771-F7B93A68A836} = {8C45A52A-734F-4072-98F0-CA70A02261AC}
	EndGlobalSection
	GlobalSection(ExtensibilityGlobals) = postSolution
		SolutionGuid = {EEED6A18-1CAF-4DFC-B412-28CCA659A76E}
	EndGlobalSection
EndGlobal
